
Microsoft Visual Studio Solution File, Format Version 12.00
# Visual Studio Version 17
VisualStudioVersion = 17.6.33801.468
MinimumVisualStudioVersion = 10.0.40219.1
Project("{9A19103F-16F7-4668-BE54-9A1E7A4F7556}") = "PizzaStore", "PizzaStore.csproj", "{168EBC9E-E3E3-4E17-9EF1-2AA8F0E096DA}"
EndProject
Global
	GlobalSection(SolutionConfigurationPlatforms) = preSolution
		Debug|Any CPU = Debug|Any CPU
		Release|Any CPU = Release|Any CPU
	EndGlobalSection
	GlobalSection(ProjectConfigurationPlatforms) = postSolution
		{168EBC9E-E3E3-4E17-9EF1-2AA8F0E096DA}.Debug|Any CPU.ActiveCfg = Debug|Any CPU
		{168EBC9E-E3E3-4E17-9EF1-2AA8F0E096DA}.Debug|Any CPU.Build.0 = Debug|Any CPU
		{168EBC9E-E3E3-4E17-9EF1-2AA8F0E096DA}.Release|Any CPU.ActiveCfg = Release|Any CPU
		{168EBC9E-E3E3-4E17-9EF1-2AA8F0E096DA}.Release|Any CPU.Build.0 = Release|Any CPU
	EndGlobalSection
	GlobalSection(SolutionProperties) = preSolution
		HideSolutionNode = FALSE
	EndGlobalSection
	GlobalSection(ExtensibilityGlobals) = postSolution
		SolutionGuid = {D7760281-3D90-4494-BF74-14B008BDA2B4}
	EndGlobalSection
EndGlobal
